// !$*UTF8*$!
{
	archiveVersion = 1;
	classes = {
	};
	objectVersion = 46;
	objects = {

/* Begin PBXBuildFile section */
		148561F4512C31725D062511 /* Pods_PerpetualCalendar.framework in Frameworks */ = {isa = PBXBuildFile; fileRef = 1B0FF12D475BE48409DE3CFD /* Pods_PerpetualCalendar.framework */; };
		9EC4F6961E052F2A00C2B448 /* AppDelegate.swift in Sources */ = {isa = PBXBuildFile; fileRef = 9EC4F6951E052F2A00C2B448 /* AppDelegate.swift */; };
		9EC4F6981E052F2A00C2B448 /* ViewController.swift in Sources */ = {isa = PBXBuildFile; fileRef = 9EC4F6971E052F2A00C2B448 /* ViewController.swift */; };
		9EC4F69B1E052F2A00C2B448 /* Main.storyboard in Resources */ = {isa = PBXBuildFile; fileRef = 9EC4F6991E052F2A00C2B448 /* Main.storyboard */; };
		9EC4F69D1E052F2A00C2B448 /* Assets.xcassets in Resources */ = {isa = PBXBuildFile; fileRef = 9EC4F69C1E052F2A00C2B448 /* Assets.xcassets */; };
		9EC4F6A01E052F2A00C2B448 /* LaunchScreen.storyboard in Resources */ = {isa = PBXBuildFile; fileRef = 9EC4F69E1E052F2A00C2B448 /* LaunchScreen.storyboard */; };
		9EC4F6A81E05317F00C2B448 /* PerpetualCalendarCell.swift in Sources */ = {isa = PBXBuildFile; fileRef = 9EC4F6A71E05317F00C2B448 /* PerpetualCalendarCell.swift */; };
/* End PBXBuildFile section */

/* Begin PBXFileReference section */
		1B0FF12D475BE48409DE3CFD /* Pods_PerpetualCalendar.framework */ = {isa = PBXFileReference; explicitFileType = wrapper.framework; includeInIndex = 0; path = Pods_PerpetualCalendar.framework; sourceTree = BUILT_PRODUCTS_DIR; };
		9EC4F6921E052F2A00C2B448 /* PerpetualCalendar.app */ = {isa = PBXFileReference; explicitFileType = wrapper.application; includeInIndex = 0; path = PerpetualCalendar.app; sourceTree = BUILT_PRODUCTS_DIR; };
		9EC4F6951E052F2A00C2B448 /* AppDelegate.swift */ = {isa = PBXFileReference; lastKnownFileType = sourcecode.swift; path = AppDelegate.swift; sourceTree = "<group>"; };
		9EC4F6971E052F2A00C2B448 /* ViewController.swift */ = {isa = PBXFileReference; lastKnownFileType = sourcecode.swift; path = ViewController.swift; sourceTree = "<group>"; };
		9EC4F69A1E052F2A00C2B448 /* Base */ = {isa = PBXFileReference; lastKnownFileType = file.storyboard; name = Base; path = Base.lproj/Main.storyboard; sourceTree = "<group>"; };
		9EC4F69C1E052F2A00C2B448 /* Assets.xcassets */ = {isa = PBXFileReference; lastKnownFileType = folder.assetcatalog; path = Assets.xcassets; sourceTree = "<group>"; };
		9EC4F69F1E052F2A00C2B448 /* Base */ = {isa = PBXFileReference; lastKnownFileType = file.storyboard; name = Base; path = Base.lproj/LaunchScreen.storyboard; sourceTree = "<group>"; };
		9EC4F6A11E052F2A00C2B448 /* Info.plist */ = {isa = PBXFileReference; lastKnownFileType = text.plist.xml; path = Info.plist; sourceTree = "<group>"; };
		9EC4F6A71E05317F00C2B448 /* PerpetualCalendarCell.swift */ = {isa = PBXFileReference; fileEncoding = 4; lastKnownFileType = sourcecode.swift; path = PerpetualCalendarCell.swift; sourceTree = "<group>"; };
		9EC4F6A91E05635600C2B448 /* PerpetualCalendar-Bridging-Header.h */ = {isa = PBXFileReference; fileEncoding = 4; lastKnownFileType = sourcecode.c.h; path = "PerpetualCalendar-Bridging-Header.h"; sourceTree = "<group>"; };
		B0873CEF2F9CAF62508855FA /* Pods-PerpetualCalendar.release.xcconfig */ = {isa = PBXFileReference; includeInIndex = 1; lastKnownFileType = text.xcconfig; name = "Pods-PerpetualCalendar.release.xcconfig"; path = "Pods/Target Support Files/Pods-PerpetualCalendar/Pods-PerpetualCalendar.release.xcconfig"; sourceTree = "<group>"; };
		E6559EA0AE17DEAA71FE53CD /* Pods-PerpetualCalendar.debug.xcconfig */ = {isa = PBXFileReference; includeInIndex = 1; lastKnownFileType = text.xcconfig; name = "Pods-PerpetualCalendar.debug.xcconfig"; path = "Pods/Target Support Files/Pods-PerpetualCalendar/Pods-PerpetualCalendar.debug.xcconfig"; sourceTree = "<group>"; };
/* End PBXFileReference section */

/* Begin PBXFrameworksBuildPhase section */
		9EC4F68F1E052F2A00C2B448 /* Frameworks */ = {
			isa = PBXFrameworksBuildPhase;
			buildActionMask = 2147483647;
			files = (
				148561F4512C31725D062511 /* Pods_PerpetualCalendar.framework in Frameworks */,
			);
			runOnlyForDeploymentPostprocessing = 0;
		};
/* End PBXFrameworksBuildPhase section */

/* Begin PBXGroup section */
		6A4F650582B5754B92E6944D /* Frameworks */ = {
			isa = PBXGroup;
			children = (
				1B0FF12D475BE48409DE3CFD /* Pods_PerpetualCalendar.framework */,
			);
			name = Frameworks;
			sourceTree = "<group>";
		};
		9791E9867FA44C4EC4D7159E /* Pods */ = {
			isa = PBXGroup;
			children = (
				E6559EA0AE17DEAA71FE53CD /* Pods-PerpetualCalendar.debug.xcconfig */,
				B0873CEF2F9CAF62508855FA /* Pods-PerpetualCalendar.release.xcconfig */,
			);
			name = Pods;
			sourceTree = "<group>";
		};
		9EC4F6891E052F2A00C2B448 = {
			isa = PBXGroup;
			children = (
				9EC4F6941E052F2A00C2B448 /* PerpetualCalendar */,
				9EC4F6931E052F2A00C2B448 /* Products */,
				9791E9867FA44C4EC4D7159E /* Pods */,
				6A4F650582B5754B92E6944D /* Frameworks */,
			);
			sourceTree = "<group>";
		};
		9EC4F6931E052F2A00C2B448 /* Products */ = {
			isa = PBXGroup;
			children = (
				9EC4F6921E052F2A00C2B448 /* PerpetualCalendar.app */,
			);
			name = Products;
			sourceTree = "<group>";
		};
		9EC4F6941E052F2A00C2B448 /* PerpetualCalendar */ = {
			isa = PBXGroup;
			children = (
				9EC4F6951E052F2A00C2B448 /* AppDelegate.swift */,
				9EC4F6971E052F2A00C2B448 /* ViewController.swift */,
				9EC4F6A71E05317F00C2B448 /* PerpetualCalendarCell.swift */,
				9EC4F6A91E05635600C2B448 /* PerpetualCalendar-Bridging-Header.h */,
				9EC4F6991E052F2A00C2B448 /* Main.storyboard */,
				9EC4F69C1E052F2A00C2B448 /* Assets.xcassets */,
				9EC4F69E1E052F2A00C2B448 /* LaunchScreen.storyboard */,
				9EC4F6A11E052F2A00C2B448 /* Info.plist */,
			);
			path = PerpetualCalendar;
			sourceTree = "<group>";
		};
/* End PBXGroup section */

/* Begin PBXNativeTarget section */
		9EC4F6911E052F2A00C2B448 /* PerpetualCalendar */ = {
			isa = PBXNativeTarget;
			buildConfigurationList = 9EC4F6A41E052F2A00C2B448 /* Build configuration list for PBXNativeTarget "PerpetualCalendar" */;
			buildPhases = (
				45AEA61DB7C7BCEA75F54CBC /* [CP] Check Pods Manifest.lock */,
				9EC4F68E1E052F2A00C2B448 /* Sources */,
				9EC4F68F1E052F2A00C2B448 /* Frameworks */,
				9EC4F6901E052F2A00C2B448 /* Resources */,
				9DC4B3BBE10A4FC8B7157AEC /* [CP] Embed Pods Frameworks */,
				6F228EA000E3BC1238761022 /* [CP] Copy Pods Resources */,
			);
			buildRules = (
			);
			dependencies = (
			);
			name = PerpetualCalendar;
			productName = PerpetualCalendar;
			productReference = 9EC4F6921E052F2A00C2B448 /* PerpetualCalendar.app */;
			productType = "com.apple.product-type.application";
		};
/* End PBXNativeTarget section */

/* Begin PBXProject section */
		9EC4F68A1E052F2A00C2B448 /* Project object */ = {
			isa = PBXProject;
			attributes = {
				LastSwiftUpdateCheck = 0810;
				LastUpgradeCheck = 0810;
				ORGANIZATIONNAME = LL;
				TargetAttributes = {
					9EC4F6911E052F2A00C2B448 = {
						CreatedOnToolsVersion = 8.1;
						DevelopmentTeam = XWNPFKK4U5;
						ProvisioningStyle = Automatic;
					};
				};
			};
			buildConfigurationList = 9EC4F68D1E052F2A00C2B448 /* Build configuration list for PBXProject "PerpetualCalendar" */;
			compatibilityVersion = "Xcode 3.2";
			developmentRegion = English;
			hasScannedForEncodings = 0;
			knownRegions = (
				en,
				Base,
			);
			mainGroup = 9EC4F6891E052F2A00C2B448;
			productRefGroup = 9EC4F6931E052F2A00C2B448 /* Products */;
			projectDirPath = "";
			projectRoot = "";
			targets = (
				9EC4F6911E052F2A00C2B448 /* PerpetualCalendar */,
			);
		};
/* End PBXProject section */

/* Begin PBXResourcesBuildPhase section */
		9EC4F6901E052F2A00C2B448 /* Resources */ = {
			isa = PBXResourcesBuildPhase;
			buildActionMask = 2147483647;
			files = (
				9EC4F6A01E052F2A00C2B448 /* LaunchScreen.storyboard in Resources */,
				9EC4F69D1E052F2A00C2B448 /* Assets.xcassets in Resources */,
				9EC4F69B1E052F2A00C2B448 /* Main.storyboard in Resources */,
			);
			runOnlyForDeploymentPostprocessing = 0;
		};
/* End PBXResourcesBuildPhase section */

/* Begin PBXShellScriptBuildPhase section */
		45AEA61DB7C7BCEA75F54CBC /* [CP] Check Pods Manifest.lock */ = {
			isa = PBXShellScriptBuildPhase;
			buildActionMask = 2147483647;
			files = (
			);
			inputPaths = (
			);
			name = "[CP] Check Pods Manifest.lock";
			outputPaths = (
			);
			runOnlyForDeploymentPostprocessing = 0;
			shellPath = /bin/sh;
			shellScript = "diff \"${PODS_ROOT}/../Podfile.lock\" \"${PODS_ROOT}/Manifest.lock\" > /dev/null\nif [ $? != 0 ] ; then\n    # print error to STDERR\n    echo \"error: The sandbox is not in sync with the Podfile.lock. Run 'pod install' or update your CocoaPods installation.\" >&2\n    exit 1\nfi\n";
			showEnvVarsInLog = 0;
		};
		6F228EA000E3BC1238761022 /* [CP] Copy Pods Resources */ = {
			isa = PBXShellScriptBuildPhase;
			buildActionMask = 2147483647;
			files = (
			);
			inputPaths = (
			);
			name = "[CP] Copy Pods Resources";
			outputPaths = (
			);
			runOnlyForDeploymentPostprocessing = 0;
			shellPath = /bin/sh;
			shellScript = "\"${SRCROOT}/Pods/Target Support Files/Pods-PerpetualCalendar/Pods-PerpetualCalendar-resources.sh\"\n";
			showEnvVarsInLog = 0;
		};
		9DC4B3BBE10A4FC8B7157AEC /* [CP] Embed Pods Frameworks */ = {
			isa = PBXShellScriptBuildPhase;
			buildActionMask = 2147483647;
			files = (
			);
			inputPaths = (
			);
			name = "[CP] Embed Pods Frameworks";
			outputPaths = (
			);
			runOnlyForDeploymentPostprocessing = 0;
			shellPath = /bin/sh;
			shellScript = "\"${SRCROOT}/Pods/Target Support Files/Pods-PerpetualCalendar/Pods-PerpetualCalendar-frameworks.sh\"\n";
			showEnvVarsInLog = 0;
		};
/* End PBXShellScriptBuildPhase section */

/* Begin PBXSourcesBuildPhase section */
		9EC4F68E1E052F2A00C2B448 /* Sources */ = {
			isa = PBXSourcesBuildPhase;
			buildActionMask = 2147483647;
			files = (
				9EC4F6A81E05317F00C2B448 /* PerpetualCalendarCell.swift in Sources */,
				9EC4F6981E052F2A00C2B448 /* ViewController.swift in Sources */,
				9EC4F6961E052F2A00C2B448 /* AppDelegate.swift in Sources */,
			);
			runOnlyForDeploymentPostprocessing = 0;
		};
/* End PBXSourcesBuildPhase section */

/* Begin PBXVariantGroup section */
		9EC4F6991E052F2A00C2B448 /* Main.storyboard */ = {
			isa = PBXVariantGroup;
			children = (
				9EC4F69A1E052F2A00C2B448 /* Base */,
			);
			name = Main.storyboard;
			sourceTree = "<group>";
		};
		9EC4F69E1E052F2A00C2B448 /* LaunchScreen.storyboard */ = {
			isa = PBXVariantGroup;
			children = (
				9EC4F69F1E052F2A00C2B448 /* Base */,
			);
			name = LaunchScreen.storyboard;
			sourceTree = "<group>";
		};
/* End PBXVariantGroup section */

/* Begin XCBuildConfiguration section */
		9EC4F6A21E052F2A00C2B448 /* Debug */ = {
			isa = XCBuildConfiguration;
			buildSettings = {
				ALWAYS_SEARCH_USER_PATHS = NO;
				CLANG_ANALYZER_NONNULL = YES;
				CLANG_CXX_LANGUAGE_STANDARD = "gnu++0x";
				CLANG_CXX_LIBRARY = "libc++";
				CLANG_ENABLE_MODULES = YES;
				CLANG_ENABLE_OBJC_ARC = YES;
				CLANG_WARN_BOOL_CONVERSION = YES;
				CLANG_WARN_CONSTANT_CONVERSION = YES;
				CLANG_WARN_DIRECT_OBJC_ISA_USAGE = YES_ERROR;
				CLANG_WARN_DOCUMENTATION_COMMENTS = YES;
				CLANG_WARN_EMPTY_BODY = YES;
				CLANG_WARN_ENUM_CONVERSION = YES;
				CLANG_WARN_INFINITE_RECURSION = YES;
				CLANG_WARN_INT_CONVERSION = YES;
				CLANG_WARN_OBJC_ROOT_CLASS = YES_ERROR;
				CLANG_WARN_SUSPICIOUS_MOVES = YES;
				CLANG_WARN_UNREACHABLE_CODE = YES;
				CLANG_WARN__DUPLICATE_METHOD_MATCH = YES;
				"CODE_SIGN_IDENTITY[sdk=iphoneos*]" = "iPhone Developer";
				COPY_PHASE_STRIP = NO;
				DEBUG_INFORMATION_FORMAT = dwarf;
				ENABLE_STRICT_OBJC_MSGSEND = YES;
				ENABLE_TESTABILITY = YES;
				GCC_C_LANGUAGE_STANDARD = gnu99;
				GCC_DYNAMIC_NO_PIC = NO;
				GCC_NO_COMMON_BLOCKS = YES;
				GCC_OPTIMIZATION_LEVEL = 0;
				GCC_PREPROCESSOR_DEFINITIONS = (
					"DEBUG=1",
					"$(inherited)",
				);
				GCC_WARN_64_TO_32_BIT_CONVERSION = YES;
				GCC_WARN_ABOUT_RETURN_TYPE = YES_ERROR;
				GCC_WARN_UNDECLARED_SELECTOR = YES;
				GCC_WARN_UNINITIALIZED_AUTOS = YES_AGGRESSIVE;
				GCC_WARN_UNUSED_FUNCTION = YES;
				GCC_WARN_UNUSED_VARIABLE = YES;
				IPHONEOS_DEPLOYMENT_TARGET = 10.1;
				MTL_ENABLE_DEBUG_INFO = YES;
				ONLY_ACTIVE_ARCH = YES;
				SDKROOT = iphoneos;
				SWIFT_ACTIVE_COMPILATION_CONDITIONS = DEBUG;
				SWIFT_OPTIMIZATION_LEVEL = "-Onone";
				TARGETED_DEVICE_FAMILY = "1,2";
			};
			name = Debug;
		};
		9EC4F6A31E052F2A00C2B448 /* Release */ = {
			isa = XCBuildConfiguration;
			buildSettings = {
				ALWAYS_SEARCH_USER_PATHS = NO;
				CLANG_ANALYZER_NONNULL = YES;
				CLANG_CXX_LANGUAGE_STANDARD = "gnu++0x";
				CLANG_CXX_LIBRARY = "libc++";
				CLANG_ENABLE_MODULES = YES;
				CLANG_ENABLE_OBJC_ARC = YES;
				CLANG_WARN_BOOL_CONVERSION = YES;
				CLANG_WARN_CONSTANT_CONVERSION = YES;
				CLANG_WARN_DIRECT_OBJC_ISA_USAGE = YES_ERROR;
				CLANG_WARN_DOCUMENTATION_COMMENTS = YES;
				CLANG_WARN_EMPTY_BODY = YES;
				CLANG_WARN_ENUM_CONVERSION = YES;
				CLANG_WARN_INFINITE_RECURSION = YES;
				CLANG_WARN_INT_CONVERSION = YES;
				CLANG_WARN_OBJC_ROOT_CLASS = YES_ERROR;
				CLANG_WARN_SUSPICIOUS_MOVES = YES;
				CLANG_WARN_UNREACHABLE_CODE = YES;
				CLANG_WARN__DUPLICATE_METHOD_MATCH = YES;
				"CODE_SIGN_IDENTITY[sdk=iphoneos*]" = "iPhone Developer";
				COPY_PHASE_STRIP = NO;
				DEBUG_INFORMATION_FORMAT = "dwarf-with-dsym";
				ENABLE_NS_ASSERTIONS = NO;
				ENABLE_STRICT_OBJC_MSGSEND = YES;
				GCC_C_LANGUAGE_STANDARD = gnu99;
				GCC_NO_COMMON_BLOCKS = YES;
				GCC_WARN_64_TO_32_BIT_CONVERSION = YES;
				GCC_WARN_ABOUT_RETURN_TYPE = YES_ERROR;
				GCC_WARN_UNDECLARED_SELECTOR = YES;
				GCC_WARN_UNINITIALIZED_AUTOS = YES_AGGRESSIVE;
				GCC_WARN_UNUSED_FUNCTION = YES;
				GCC_WARN_UNUSED_VARIABLE = YES;
				IPHONEOS_DEPLOYMENT_TARGET = 10.1;
				MTL_ENABLE_DEBUG_INFO = NO;
				SDKROOT = iphoneos;
				SWIFT_OPTIMIZATION_LEVEL = "-Owholemodule";
				TARGETED_DEVICE_FAMILY = "1,2";
				VALIDATE_PRODUCT = YES;
			};
			name = Release;
		};
		9EC4F6A51E052F2A00C2B448 /* Debug */ = {
			isa = XCBuildConfiguration;
			baseConfigurationReference = E6559EA0AE17DEAA71FE53CD /* Pods-PerpetualCalendar.debug.xcconfig */;
			buildSettings = {
				ASSETCATALOG_COMPILER_APPICON_NAME = AppIcon;
				DEVELOPMENT_TEAM = XWNPFKK4U5;
				INFOPLIST_FILE = PerpetualCalendar/Info.plist;
				IPHONEOS_DEPLOYMENT_TARGET = 8.0;
				LD_RUNPATH_SEARCH_PATHS = "$(inherited) @executable_path/Frameworks";
				PRODUCT_BUNDLE_IDENTIFIER = com.msb.PerpetualCalendar;
				PRODUCT_NAME = "$(TARGET_NAME)";
				SWIFT_OBJC_BRIDGING_HEADER = "$(PROJECT_DIR)/PerpetualCalendar/PerpetualCalendar-Bridging-Header.h";
				SWIFT_VERSION = 3.0;
			};
			name = Debug;
		};
		9EC4F6A61E052F2A00C2B448 /* Release */ = {
			isa = XCBuildConfiguration;
			baseConfigurationReference = B0873CEF2F9CAF62508855FA /* Pods-PerpetualCalendar.release.xcconfig */;
			buildSettings = {
				ASSETCATALOG_COMPILER_APPICON_NAME = AppIcon;
				DEVELOPMENT_TEAM = XWNPFKK4U5;
				INFOPLIST_FILE = PerpetualCalendar/Info.plist;
				IPHONEOS_DEPLOYMENT_TARGET = 8.0;
				LD_RUNPATH_SEARCH_PATHS = "$(inherited) @executable_path/Frameworks";
				PRODUCT_BUNDLE_IDENTIFIER = com.msb.PerpetualCalendar;
				PRODUCT_NAME = "$(TARGET_NAME)";
				SWIFT_OBJC_BRIDGING_HEADER = "$(PROJECT_DIR)/PerpetualCalendar/PerpetualCalendar-Bridging-Header.h";
				SWIFT_VERSION = 3.0;
			};
			name = Release;
		};
/* End XCBuildConfiguration section */

/* Begin XCConfigurationList section */
		9EC4F68D1E052F2A00C2B448 /* Build configuration list for PBXProject "PerpetualCalendar" */ = {
			isa = XCConfigurationList;
			buildConfigurations = (
				9EC4F6A21E052F2A00C2B448 /* Debug */,
				9EC4F6A31E052F2A00C2B448 /* Release */,
			);
			defaultConfigurationIsVisible = 0;
			defaultConfigurationName = Release;
		};
		9EC4F6A41E052F2A00C2B448 /* Build configuration list for PBXNativeTarget "PerpetualCalendar" */ = {
			isa = XCConfigurationList;
			buildConfigurations = (
				9EC4F6A51E052F2A00C2B448 /* Debug */,
				9EC4F6A61E052F2A00C2B448 /* Release */,
			);
			defaultConfigurationIsVisible = 0;
			defaultConfigurationName = Release;
		};
/* End XCConfigurationList section */
	};
	rootObject = 9EC4F68A1E052F2A00C2B448 /* Project object */;
}
